
Microsoft Visual Studio Solution File, Format Version 12.00
# Visual Studio Version 17
VisualStudioVersion = 17.13.35806.99 d17.13
MinimumVisualStudioVersion = 10.0.40219.1
Project("{9A19103F-16F7-4668-BE54-9A1E7A4F7556}") = "Test_MES_System_v20", "Test_MES_System_v20.csproj", "{27371B57-E7DE-D3A3-1E31-380F1F05FAFD}"
EndProject
Global
	GlobalSection(SolutionConfigurationPlatforms) = preSolution
		Debug|Any CPU = Debug|Any CPU
		Release|Any CPU = Release|Any CPU
	EndGlobalSection
	GlobalSection(ProjectConfigurationPlatforms) = postSolution
		{27371B57-E7DE-D3A3-1E31-380F1F05FAFD}.Debug|Any CPU.ActiveCfg = Debug|Any CPU
		{27371B57-E7DE-D3A3-1E31-380F1F05FAFD}.Debug|Any CPU.Build.0 = Debug|Any CPU
		{27371B57-E7DE-D3A3-1E31-380F1F05FAFD}.Release|Any CPU.ActiveCfg = Release|Any CPU
		{27371B57-E7DE-D3A3-1E31-380F1F05FAFD}.Release|Any CPU.Build.0 = Release|Any CPU
	EndGlobalSection
	GlobalSection(SolutionProperties) = preSolution
		HideSolutionNode = FALSE
	EndGlobalSection
	GlobalSection(ExtensibilityGlobals) = postSolution
		SolutionGuid = {BC80B7B5-A833-4283-B37E-8E2623A0AFEF}
	EndGlobalSection
EndGlobal
